
Microsoft Visual Studio Solution File, Format Version 12.00
# Visual Studio Version 16
VisualStudioVersion = 16.0.30523.141
MinimumVisualStudioVersion = 10.0.40219.1
Project("{FAE04EC0-301F-11D3-BF4B-00C04F79EFBC}") = "mvcSoporte2020", "mvcSoporte2020\mvcSoporte2020.csproj", "{EDAE4BEE-0320-4206-B7F6-4D4D24ABFD67}"
EndProject
Project("{FAE04EC0-301F-11D3-BF4B-00C04F79EFBC}") = "DataSoporte2020", "..\DataSoporte2020\DataSoporte2020\DataSoporte2020.csproj", "{B5120625-95A8-4C64-A271-3B71C48BD0BD}"
EndProject
Global
	GlobalSection(SolutionConfigurationPlatforms) = preSolution
		Debug|Any CPU = Debug|Any CPU
		Release|Any CPU = Release|Any CPU
	EndGlobalSection
	GlobalSection(ProjectConfigurationPlatforms) = postSolution
		{EDAE4BEE-0320-4206-B7F6-4D4D24ABFD67}.Debug|Any CPU.ActiveCfg = Debug|Any CPU
		{EDAE4BEE-0320-4206-B7F6-4D4D24ABFD67}.Debug|Any CPU.Build.0 = Debug|Any CPU
		{EDAE4BEE-0320-4206-B7F6-4D4D24ABFD67}.Release|Any CPU.ActiveCfg = Release|Any CPU
		{EDAE4BEE-0320-4206-B7F6-4D4D24ABFD67}.Release|Any CPU.Build.0 = Release|Any CPU
		{B5120625-95A8-4C64-A271-3B71C48BD0BD}.Debug|Any CPU.ActiveCfg = Debug|Any CPU
		{B5120625-95A8-4C64-A271-3B71C48BD0BD}.Debug|Any CPU.Build.0 = Debug|Any CPU
		{B5120625-95A8-4C64-A271-3B71C48BD0BD}.Release|Any CPU.ActiveCfg = Release|Any CPU
		{B5120625-95A8-4C64-A271-3B71C48BD0BD}.Release|Any CPU.Build.0 = Release|Any CPU
	EndGlobalSection
	GlobalSection(SolutionProperties) = preSolution
		HideSolutionNode = FALSE
	EndGlobalSection
	GlobalSection(ExtensibilityGlobals) = postSolution
		SolutionGuid = {1CC4C994-82C3-42A7-BCBD-AA901F4A635C}
	EndGlobalSection
EndGlobal
