
Microsoft Visual Studio Solution File, Format Version 12.00
# Visual Studio Version 16
VisualStudioVersion = 16.0.30503.244
MinimumVisualStudioVersion = 10.0.40219.1
Project("{FAE04EC0-301F-11D3-BF4B-00C04F79EFBC}") = "mvcCentroMedicoV2", "mvcCentroMedicoV2\mvcCentroMedicoV2.csproj", "{2763CA43-43B2-48B1-A127-AD396D839903}"
EndProject
Global
	GlobalSection(SolutionConfigurationPlatforms) = preSolution
		Debug|Any CPU = Debug|Any CPU
		Release|Any CPU = Release|Any CPU
	EndGlobalSection
	GlobalSection(ProjectConfigurationPlatforms) = postSolution
		{2763CA43-43B2-48B1-A127-AD396D839903}.Debug|Any CPU.ActiveCfg = Debug|Any CPU
		{2763CA43-43B2-48B1-A127-AD396D839903}.Debug|Any CPU.Build.0 = Debug|Any CPU
		{2763CA43-43B2-48B1-A127-AD396D839903}.Release|Any CPU.ActiveCfg = Release|Any CPU
		{2763CA43-43B2-48B1-A127-AD396D839903}.Release|Any CPU.Build.0 = Release|Any CPU
	EndGlobalSection
	GlobalSection(SolutionProperties) = preSolution
		HideSolutionNode = FALSE
	EndGlobalSection
	GlobalSection(ExtensibilityGlobals) = postSolution
		SolutionGuid = {DC7DCF58-F84F-4643-AECD-514C1FE8F069}
	EndGlobalSection
EndGlobal
